
Microsoft Visual Studio Solution File, Format Version 12.00
# Visual Studio Version 16
VisualStudioVersion = 16.0.29123.89
MinimumVisualStudioVersion = 10.0.40219.1
Project("{FAE04EC0-301F-11D3-BF4B-00C04F79EFBC}") = "AdditionOfNumber", "AdditionOfNumber\AdditionOfNumber.csproj", "{DC7638D3-B865-465E-899A-DC2F70872E33}"
EndProject
Project("{FAE04EC0-301F-11D3-BF4B-00C04F79EFBC}") = "UnitTestProject1", "UnitTestProject1\UnitTestProject1.csproj", "{2011D9B2-83EC-454A-9B3B-C3AB18FBCF89}"
EndProject
Global
	GlobalSection(SolutionConfigurationPlatforms) = preSolution
		Debug|Any CPU = Debug|Any CPU
		Release|Any CPU = Release|Any CPU
	EndGlobalSection
	GlobalSection(ProjectConfigurationPlatforms) = postSolution
		{DC7638D3-B865-465E-899A-DC2F70872E33}.Debug|Any CPU.ActiveCfg = Debug|Any CPU
		{DC7638D3-B865-465E-899A-DC2F70872E33}.Debug|Any CPU.Build.0 = Debug|Any CPU
		{DC7638D3-B865-465E-899A-DC2F70872E33}.Release|Any CPU.ActiveCfg = Release|Any CPU
		{DC7638D3-B865-465E-899A-DC2F70872E33}.Release|Any CPU.Build.0 = Release|Any CPU
		{2011D9B2-83EC-454A-9B3B-C3AB18FBCF89}.Debug|Any CPU.ActiveCfg = Debug|Any CPU
		{2011D9B2-83EC-454A-9B3B-C3AB18FBCF89}.Debug|Any CPU.Build.0 = Debug|Any CPU
		{2011D9B2-83EC-454A-9B3B-C3AB18FBCF89}.Release|Any CPU.ActiveCfg = Release|Any CPU
		{2011D9B2-83EC-454A-9B3B-C3AB18FBCF89}.Release|Any CPU.Build.0 = Release|Any CPU
	EndGlobalSection
	GlobalSection(SolutionProperties) = preSolution
		HideSolutionNode = FALSE
	EndGlobalSection
	GlobalSection(ExtensibilityGlobals) = postSolution
		SolutionGuid = {4F7319DC-224D-4ED5-8B51-277F5B3E22A6}
	EndGlobalSection
EndGlobal
